{
  "originHash" : "a62baa2d63b0bdab245e3581e1ce699d31e9ba1cf262bbcea65f4ba46d7e0549",
  "pins" : [
    {
      "identity" : "defaults",
      "kind" : "remoteSourceControl",
      "location" : "https://github.com/sindresorhus/Defaults",
      "state" : {
        "branch" : "main",
        "revision" : "d8a954e69ff13b0f7805f3757c8f8d0c8ef5a8cb"
      }
    },
    {
      "identity" : "fulldiskaccess",
      "kind" : "remoteSourceControl",
      "location" : "https://github.com/inket/FullDiskAccess",
      "state" : {
        "revision" : "846e04ea2b84fce843f47d7e7f3421189221829c",
        "version" : "1.0.0"
      }
    },
    {
      "identity" : "keyboardshortcuts",
      "kind" : "remoteSourceControl",
      "location" : "https://github.com/sindresorhus/KeyboardShortcuts",
      "state" : {
        "branch" : "main",
        "revision" : "09e4a10ed6b65b3a40fe07b6bf0c84809313efc4"
      }
    },
    {
      "identity" : "launchatlogin",
      "kind" : "remoteSourceControl",
      "location" : "https://github.com/sindresorhus/LaunchAtLogin",
      "state" : {
        "branch" : "main",
        "revision" : "22923d335429bfd38c52435505b06a10bcc520fd"
      }
    },
    {
      "identity" : "menubarextraaccess",
      "kind" : "remoteSourceControl",
      "location" : "https://github.com/orchetect/MenuBarExtraAccess",
      "state" : {
        "revision" : "f5896b47e15e114975897354c7e1082c51a2bffd",
        "version" : "1.0.5"
      }
    },
    {
      "identity" : "sauce",
      "kind" : "remoteSourceControl",
      "location" : "https://github.com/Clipy/Sauce",
      "state" : {
        "branch" : "master",
        "revision" : "19c4448ffedb77d9642a198a8e03da6239a44dc4"
      }
    },
    {
      "identity" : "settingsaccess",
      "kind" : "remoteSourceControl",
      "location" : "https://github.com/orchetect/SettingsAccess",
      "state" : {
        "revision" : "0fd73c8b5892e88acb13adb7f36a4ba9293a0061",
        "version" : "1.4.0"
      }
    },
    {
      "identity" : "sfsafesymbols",
      "kind" : "remoteSourceControl",
      "location" : "https://github.com/SFSafeSymbols/SFSafeSymbols",
      "state" : {
        "revision" : "afd0a1da4ed62bab1413caa6dd6b60a7a7089ed2",
        "version" : "5.2.0"
      }
    },
    {
      "identity" : "swift-algorithms",
      "kind" : "remoteSourceControl",
      "location" : "https://github.com/apple/swift-algorithms.git",
      "state" : {
        "revision" : "f6919dfc309e7f1b56224378b11e28bab5bccc42",
        "version" : "1.2.0"
      }
    },
    {
      "identity" : "swift-numerics",
      "kind" : "remoteSourceControl",
      "location" : "https://github.com/apple/swift-numerics.git",
      "state" : {
        "revision" : "0a5bc04095a675662cf24757cc0640aa2204253b",
        "version" : "1.0.2"
      }
    },
    {
      "identity" : "swifthexcolors",
      "kind" : "remoteSourceControl",
      "location" : "https://github.com/thii/SwiftHEXColors",
      "state" : {
        "revision" : "1f886cb20fedda14a5ac75efd09bc99c95b43a18",
        "version" : "1.4.1"
      }
    },
    {
      "identity" : "swiftui-introspect",
      "kind" : "remoteSourceControl",
      "location" : "https://github.com/siteline/swiftui-introspect",
      "state" : {
        "revision" : "7dc5b287f8040e4ad5038739850b758e78f77808",
        "version" : "1.1.4"
      }
    },
    {
      "identity" : "swiftui-windowmanagement",
      "kind" : "remoteSourceControl",
      "location" : "https://github.com/Wouter01/SwiftUI-WindowManagement",
      "state" : {
        "branch" : "main",
        "revision" : "adbebf5d7df325f3d7bf07dc832e5e162a9003f5"
      }
    }
  ],
  "version" : 3
}
