// !$*UTF8*$!
{
	archiveVersion = 1;
	classes = {
	};
	objectVersion = 56;
	objects = {

/* Begin PBXBuildFile section */
		281C28C82BDC99C600DBEE4B /* SettingsAccess in Frameworks */ = {isa = PBXBuildFile; productRef = 281C28C72BDC99C600DBEE4B /* SettingsAccess */; };
		281C28CD2BDC9A1A00DBEE4B /* SettingsView.swift in Sources */ = {isa = PBXBuildFile; fileRef = 281C28CC2BDC9A1A00DBEE4B /* SettingsView.swift */; };
		281C28D02BDC9A9000DBEE4B /* MenuBarIconView.swift in Sources */ = {isa = PBXBuildFile; fileRef = 281C28CF2BDC9A9000DBEE4B /* MenuBarIconView.swift */; };
		28227F5E2BF23BB7008FAC3A /* AppVersionView.swift in Sources */ = {isa = PBXBuildFile; fileRef = 28227F5D2BF23BB7008FAC3A /* AppVersionView.swift */; };
		28227F602BF23EC2008FAC3A /* CopyrightsView.swift in Sources */ = {isa = PBXBuildFile; fileRef = 28227F5F2BF23EC2008FAC3A /* CopyrightsView.swift */; };
		28227F632BF248E3008FAC3A /* KeyboardShortcutsSection.swift in Sources */ = {isa = PBXBuildFile; fileRef = 28227F622BF248E3008FAC3A /* KeyboardShortcutsSection.swift */; };
		28227F652BF24BC1008FAC3A /* ClipboardHistorySection.swift in Sources */ = {isa = PBXBuildFile; fileRef = 28227F642BF24BC1008FAC3A /* ClipboardHistorySection.swift */; };
		282692752BDCACBB00D1656E /* GeneralSettingsPage.swift in Sources */ = {isa = PBXBuildFile; fileRef = 282692742BDCACBB00D1656E /* GeneralSettingsPage.swift */; };
		282692772BDCACC600D1656E /* AboutSettingsPage.swift in Sources */ = {isa = PBXBuildFile; fileRef = 282692762BDCACC600D1656E /* AboutSettingsPage.swift */; };
		2826927A2BDCAE6000D1656E /* Bundle+Extensions.swift in Sources */ = {isa = PBXBuildFile; fileRef = 282692792BDCAE6000D1656E /* Bundle+Extensions.swift */; };
		282692972BDCC9CF00D1656E /* Defaults+Extensions.swift in Sources */ = {isa = PBXBuildFile; fileRef = 282692962BDCC9CF00D1656E /* Defaults+Extensions.swift */; };
		282692992BDCC9F200D1656E /* Defaults in Frameworks */ = {isa = PBXBuildFile; productRef = 282692982BDCC9F200D1656E /* Defaults */; };
		283E25342BF4EF670094C06F /* AcknowledgementsView.swift in Sources */ = {isa = PBXBuildFile; fileRef = 283E25332BF4EF670094C06F /* AcknowledgementsView.swift */; };
		283E25362BF4FE040094C06F /* StaleView.swift in Sources */ = {isa = PBXBuildFile; fileRef = 283E25352BF4FE040094C06F /* StaleView.swift */; };
		2843DB602BF0F06B008AA2E1 /* ExcludedAppListSection.swift in Sources */ = {isa = PBXBuildFile; fileRef = 2843DB5F2BF0F06B008AA2E1 /* ExcludedAppListSection.swift */; };
		2843DB622BF0F4D3008AA2E1 /* NSImage+Extensions.swift in Sources */ = {isa = PBXBuildFile; fileRef = 2843DB612BF0F4D3008AA2E1 /* NSImage+Extensions.swift */; };
		2843DB642BF0F8C4008AA2E1 /* InstalledAppsMenu.swift in Sources */ = {isa = PBXBuildFile; fileRef = 2843DB632BF0F8C4008AA2E1 /* InstalledAppsMenu.swift */; };
		285FADBD2BF97A69005AE202 /* ColoredPickerRow.swift in Sources */ = {isa = PBXBuildFile; fileRef = 285FADBC2BF97A69005AE202 /* ColoredPickerRow.swift */; };
		285FADBF2BF98335005AE202 /* PreferredColorSchemePicker.swift in Sources */ = {isa = PBXBuildFile; fileRef = 285FADBE2BF98335005AE202 /* PreferredColorSchemePicker.swift */; };
		2866D7532BF88CD300F57DF7 /* ClipboardContent.swift in Sources */ = {isa = PBXBuildFile; fileRef = 2866D7512BF88CD300F57DF7 /* ClipboardContent.swift */; };
		2866D7542BF88CD300F57DF7 /* ClipboardHistory.swift in Sources */ = {isa = PBXBuildFile; fileRef = 2866D7522BF88CD300F57DF7 /* ClipboardHistory.swift */; };
		2866D7582BF8A25100F57DF7 /* ObservationTrackingStream.swift in Sources */ = {isa = PBXBuildFile; fileRef = 2866D7572BF8A25100F57DF7 /* ObservationTrackingStream.swift */; };
		287197912BDE72BC004BCDA3 /* NSPasteboard.PasteboardType+Extensions.swift in Sources */ = {isa = PBXBuildFile; fileRef = 287197902BDE72BC004BCDA3 /* NSPasteboard.PasteboardType+Extensions.swift */; };
		2871979C2BDE74A4004BCDA3 /* NotificationManager.swift in Sources */ = {isa = PBXBuildFile; fileRef = 2871979B2BDE74A4004BCDA3 /* NotificationManager.swift */; };
		287197A02BDE75C0004BCDA3 /* KeyboardShortcuts+Extensions.swift in Sources */ = {isa = PBXBuildFile; fileRef = 2871979F2BDE75C0004BCDA3 /* KeyboardShortcuts+Extensions.swift */; };
		2872C0F12BF785D9000ED6A8 /* SceneID+Extensions.swift in Sources */ = {isa = PBXBuildFile; fileRef = 2872C0F02BF785D9000ED6A8 /* SceneID+Extensions.swift */; };
		2872C0F32BF78963000ED6A8 /* VisualEffectView.swift in Sources */ = {isa = PBXBuildFile; fileRef = 2872C0F22BF78963000ED6A8 /* VisualEffectView.swift */; };
		2872C0F52BF78BC5000ED6A8 /* ClipHistoryViewController.swift in Sources */ = {isa = PBXBuildFile; fileRef = 2872C0F42BF78BC5000ED6A8 /* ClipHistoryViewController.swift */; };
		2872C0F72BF78D59000ED6A8 /* ModelManager.swift in Sources */ = {isa = PBXBuildFile; fileRef = 2872C0F62BF78D59000ED6A8 /* ModelManager.swift */; };
		288295182BC41F7300392B29 /* ClipchopApp.swift in Sources */ = {isa = PBXBuildFile; fileRef = 288295172BC41F7300392B29 /* ClipchopApp.swift */; };
		2882951C2BC41F7400392B29 /* Assets.xcassets in Resources */ = {isa = PBXBuildFile; fileRef = 2882951B2BC41F7400392B29 /* Assets.xcassets */; };
		288295202BC41F7400392B29 /* Preview Assets.xcassets in Resources */ = {isa = PBXBuildFile; fileRef = 2882951F2BC41F7400392B29 /* Preview Assets.xcassets */; };
		2884E5D72BF86F2500201A79 /* TestSettingsPage.swift in Sources */ = {isa = PBXBuildFile; fileRef = 2884E5D62BF86F2500201A79 /* TestSettingsPage.swift */; };
		289B498C2BF9B50C008643FA /* CardPreviewView.swift in Sources */ = {isa = PBXBuildFile; fileRef = 289B498B2BF9B50C008643FA /* CardPreviewView.swift */; };
		28A699AB2BF618AA000B0272 /* ClipHistoryView.swift in Sources */ = {isa = PBXBuildFile; fileRef = 28A699AA2BF618AA000B0272 /* ClipHistoryView.swift */; };
		28A699AD2BF6192A000B0272 /* ClipboardMonitor.swift in Sources */ = {isa = PBXBuildFile; fileRef = 28A699AC2BF6192A000B0272 /* ClipboardMonitor.swift */; };
		28A699B12BF61F92000B0272 /* Formatter.swift in Sources */ = {isa = PBXBuildFile; fileRef = 28A699B02BF61F92000B0272 /* Formatter.swift */; };
		28ABFFA62BDC9B6500B02E76 /* SFSafeSymbols in Frameworks */ = {isa = PBXBuildFile; productRef = 28ABFFA52BDC9B6500B02E76 /* SFSafeSymbols */; };
		28ABFFA92BDCA92500B02E76 /* MenuBarExtraAccess in Frameworks */ = {isa = PBXBuildFile; productRef = 28ABFFA82BDCA92500B02E76 /* MenuBarExtraAccess */; };
		28C2C5832BF0C67900E9D9AA /* FullDiskAccess in Frameworks */ = {isa = PBXBuildFile; productRef = 28C2C5822BF0C67900E9D9AA /* FullDiskAccess */; };
		28C2C5892BF0C6C800E9D9AA /* SwiftHEXColors in Frameworks */ = {isa = PBXBuildFile; productRef = 28C2C5882BF0C6C800E9D9AA /* SwiftHEXColors */; };
		28C2C58C2BF0C6ED00E9D9AA /* Algorithms in Frameworks */ = {isa = PBXBuildFile; productRef = 28C2C58B2BF0C6ED00E9D9AA /* Algorithms */; };
		28C2C5902BF0CA3E00E9D9AA /* AppIcon.swift in Sources */ = {isa = PBXBuildFile; fileRef = 28C2C58F2BF0CA3E00E9D9AA /* AppIcon.swift */; };
		28C2C5922BF0CCB400E9D9AA /* Defaults+Structures.swift in Sources */ = {isa = PBXBuildFile; fileRef = 28C2C5912BF0CCB400E9D9AA /* Defaults+Structures.swift */; };
		28C2C5962BF0D0BF00E9D9AA /* Sound.swift in Sources */ = {isa = PBXBuildFile; fileRef = 28C2C5952BF0D0BF00E9D9AA /* Sound.swift */; };
		28C2C59C2BF0D1AE00E9D9AA /* marimba-bloop.mp3 in Resources */ = {isa = PBXBuildFile; fileRef = 28C2C5992BF0D1AE00E9D9AA /* marimba-bloop.mp3 */; };
		28C2C59D2BF0D1AE00E9D9AA /* tap-notification.mp3 in Resources */ = {isa = PBXBuildFile; fileRef = 28C2C59A2BF0D1AE00E9D9AA /* tap-notification.mp3 */; };
		28C2C59E2BF0D1AE00E9D9AA /* happy-pop.mp3 in Resources */ = {isa = PBXBuildFile; fileRef = 28C2C59B2BF0D1AE00E9D9AA /* happy-pop.mp3 */; };
		28C2C5A02BF0D31C00E9D9AA /* SoundPlayer.swift in Sources */ = {isa = PBXBuildFile; fileRef = 28C2C59F2BF0D31C00E9D9AA /* SoundPlayer.swift */; };
		28C2C5A22BF0D85D00E9D9AA /* InstalledApp.swift in Sources */ = {isa = PBXBuildFile; fileRef = 28C2C5A12BF0D85D00E9D9AA /* InstalledApp.swift */; };
		28C2C5A42BF0DA1E00E9D9AA /* CustomizationSettingsPage.swift in Sources */ = {isa = PBXBuildFile; fileRef = 28C2C5A32BF0DA1E00E9D9AA /* CustomizationSettingsPage.swift */; };
		28C2C5A62BF0DA2A00E9D9AA /* ExcludedAppsSettingsPage.swift in Sources */ = {isa = PBXBuildFile; fileRef = 28C2C5A52BF0DA2A00E9D9AA /* ExcludedAppsSettingsPage.swift */; };
		28C2C5AC2BF0DBBF00E9D9AA /* AppearanceSection.swift in Sources */ = {isa = PBXBuildFile; fileRef = 28C2C5AB2BF0DBBF00E9D9AA /* AppearanceSection.swift */; };
		28C2C99F2BF8D078007BDC3C /* DefaultsStack.swift in Sources */ = {isa = PBXBuildFile; fileRef = 28C2C99E2BF8D078007BDC3C /* DefaultsStack.swift */; };
		28D8CE592BDCF5B9008B17B5 /* KeyboardShortcuts in Frameworks */ = {isa = PBXBuildFile; productRef = 28D8CE582BDCF5B9008B17B5 /* KeyboardShortcuts */; };
		28D8CE5C2BDCF7A5008B17B5 /* Sauce in Frameworks */ = {isa = PBXBuildFile; productRef = 28D8CE5B2BDCF7A5008B17B5 /* Sauce */; };
		28D8CE612BDCF9B8008B17B5 /* MenuBarView.swift in Sources */ = {isa = PBXBuildFile; fileRef = 28D8CE602BDCF9B8008B17B5 /* MenuBarView.swift */; };
		28D8CE642BDD0DEE008B17B5 /* PerimissionsManager.swift in Sources */ = {isa = PBXBuildFile; fileRef = 28D8CE632BDD0DEE008B17B5 /* PerimissionsManager.swift */; };
		28D8CE662BDD0FCB008B17B5 /* Localizable.xcstrings in Resources */ = {isa = PBXBuildFile; fileRef = 28D8CE652BDD0FCB008B17B5 /* Localizable.xcstrings */; };
		28D8CE692BDD1260008B17B5 /* PermissionsSection.swift in Sources */ = {isa = PBXBuildFile; fileRef = 28D8CE682BDD1260008B17B5 /* PermissionsSection.swift */; };
		28D8CE6B2BDD142F008B17B5 /* View+Extension.swift in Sources */ = {isa = PBXBuildFile; fileRef = 28D8CE6A2BDD142F008B17B5 /* View+Extension.swift */; };
		28D8CE6D2BDD2458008B17B5 /* GlobalBehaviorsSection.swift in Sources */ = {isa = PBXBuildFile; fileRef = 28D8CE6C2BDD2458008B17B5 /* GlobalBehaviorsSection.swift */; };
		28D8CE6F2BDD2492008B17B5 /* LaunchAtLogin in Frameworks */ = {isa = PBXBuildFile; productRef = 28D8CE6E2BDD2492008B17B5 /* LaunchAtLogin */; };
		28D8CE712BDD2746008B17B5 /* SyncingSettingsPage.swift in Sources */ = {isa = PBXBuildFile; fileRef = 28D8CE702BDD2746008B17B5 /* SyncingSettingsPage.swift */; };
		28D8CE732BDD283B008B17B5 /* ClipboardSettingsPage.swift in Sources */ = {isa = PBXBuildFile; fileRef = 28D8CE722BDD283B008B17B5 /* ClipboardSettingsPage.swift */; };
		28D8CE752BDD2B42008B17B5 /* AppDelegate.swift in Sources */ = {isa = PBXBuildFile; fileRef = 28D8CE742BDD2B42008B17B5 /* AppDelegate.swift */; };
		28F7D0E52BF777C300DDFC2C /* WindowManagement in Frameworks */ = {isa = PBXBuildFile; productRef = 28F7D0E42BF777C300DDFC2C /* WindowManagement */; };
/* End PBXBuildFile section */

/* Begin PBXFileReference section */
		281C28CC2BDC9A1A00DBEE4B /* SettingsView.swift */ = {isa = PBXFileReference; lastKnownFileType = sourcecode.swift; path = SettingsView.swift; sourceTree = "<group>"; };
		281C28CF2BDC9A9000DBEE4B /* MenuBarIconView.swift */ = {isa = PBXFileReference; lastKnownFileType = sourcecode.swift; path = MenuBarIconView.swift; sourceTree = "<group>"; };
		28227F5D2BF23BB7008FAC3A /* AppVersionView.swift */ = {isa = PBXFileReference; lastKnownFileType = sourcecode.swift; path = AppVersionView.swift; sourceTree = "<group>"; };
		28227F5F2BF23EC2008FAC3A /* CopyrightsView.swift */ = {isa = PBXFileReference; lastKnownFileType = sourcecode.swift; path = CopyrightsView.swift; sourceTree = "<group>"; };
		28227F622BF248E3008FAC3A /* KeyboardShortcutsSection.swift */ = {isa = PBXFileReference; lastKnownFileType = sourcecode.swift; path = KeyboardShortcutsSection.swift; sourceTree = "<group>"; };
		28227F642BF24BC1008FAC3A /* ClipboardHistorySection.swift */ = {isa = PBXFileReference; lastKnownFileType = sourcecode.swift; path = ClipboardHistorySection.swift; sourceTree = "<group>"; };
		282692742BDCACBB00D1656E /* GeneralSettingsPage.swift */ = {isa = PBXFileReference; lastKnownFileType = sourcecode.swift; path = GeneralSettingsPage.swift; sourceTree = "<group>"; };
		282692762BDCACC600D1656E /* AboutSettingsPage.swift */ = {isa = PBXFileReference; lastKnownFileType = sourcecode.swift; path = AboutSettingsPage.swift; sourceTree = "<group>"; };
		282692792BDCAE6000D1656E /* Bundle+Extensions.swift */ = {isa = PBXFileReference; lastKnownFileType = sourcecode.swift; path = "Bundle+Extensions.swift"; sourceTree = "<group>"; };
		282692962BDCC9CF00D1656E /* Defaults+Extensions.swift */ = {isa = PBXFileReference; lastKnownFileType = sourcecode.swift; path = "Defaults+Extensions.swift"; sourceTree = "<group>"; };
		283E25332BF4EF670094C06F /* AcknowledgementsView.swift */ = {isa = PBXFileReference; lastKnownFileType = sourcecode.swift; path = AcknowledgementsView.swift; sourceTree = "<group>"; };
		283E25352BF4FE040094C06F /* StaleView.swift */ = {isa = PBXFileReference; lastKnownFileType = sourcecode.swift; path = StaleView.swift; sourceTree = "<group>"; };
		2843DB5F2BF0F06B008AA2E1 /* ExcludedAppListSection.swift */ = {isa = PBXFileReference; lastKnownFileType = sourcecode.swift; path = ExcludedAppListSection.swift; sourceTree = "<group>"; };
		2843DB612BF0F4D3008AA2E1 /* NSImage+Extensions.swift */ = {isa = PBXFileReference; lastKnownFileType = sourcecode.swift; path = "NSImage+Extensions.swift"; sourceTree = "<group>"; };
		2843DB632BF0F8C4008AA2E1 /* InstalledAppsMenu.swift */ = {isa = PBXFileReference; lastKnownFileType = sourcecode.swift; path = InstalledAppsMenu.swift; sourceTree = "<group>"; };
		285FADBC2BF97A69005AE202 /* ColoredPickerRow.swift */ = {isa = PBXFileReference; lastKnownFileType = sourcecode.swift; path = ColoredPickerRow.swift; sourceTree = "<group>"; };
		285FADBE2BF98335005AE202 /* PreferredColorSchemePicker.swift */ = {isa = PBXFileReference; lastKnownFileType = sourcecode.swift; path = PreferredColorSchemePicker.swift; sourceTree = "<group>"; };
		2866D7512BF88CD300F57DF7 /* ClipboardContent.swift */ = {isa = PBXFileReference; lastKnownFileType = sourcecode.swift; name = ClipboardContent.swift; path = Clipchop/Clipboard/SwiftData/ClipboardContent.swift; sourceTree = "<group>"; };
		2866D7522BF88CD300F57DF7 /* ClipboardHistory.swift */ = {isa = PBXFileReference; lastKnownFileType = sourcecode.swift; name = ClipboardHistory.swift; path = Clipchop/Clipboard/SwiftData/ClipboardHistory.swift; sourceTree = "<group>"; };
		2866D7572BF8A25100F57DF7 /* ObservationTrackingStream.swift */ = {isa = PBXFileReference; lastKnownFileType = sourcecode.swift; path = ObservationTrackingStream.swift; sourceTree = "<group>"; };
		287197902BDE72BC004BCDA3 /* NSPasteboard.PasteboardType+Extensions.swift */ = {isa = PBXFileReference; lastKnownFileType = sourcecode.swift; path = "NSPasteboard.PasteboardType+Extensions.swift"; sourceTree = "<group>"; };
		2871979B2BDE74A4004BCDA3 /* NotificationManager.swift */ = {isa = PBXFileReference; lastKnownFileType = sourcecode.swift; path = NotificationManager.swift; sourceTree = "<group>"; };
		2871979F2BDE75C0004BCDA3 /* KeyboardShortcuts+Extensions.swift */ = {isa = PBXFileReference; lastKnownFileType = sourcecode.swift; path = "KeyboardShortcuts+Extensions.swift"; sourceTree = "<group>"; };
		2872C0F02BF785D9000ED6A8 /* SceneID+Extensions.swift */ = {isa = PBXFileReference; lastKnownFileType = sourcecode.swift; path = "SceneID+Extensions.swift"; sourceTree = "<group>"; };
		2872C0F22BF78963000ED6A8 /* VisualEffectView.swift */ = {isa = PBXFileReference; lastKnownFileType = sourcecode.swift; path = VisualEffectView.swift; sourceTree = "<group>"; };
		2872C0F42BF78BC5000ED6A8 /* ClipHistoryViewController.swift */ = {isa = PBXFileReference; lastKnownFileType = sourcecode.swift; path = ClipHistoryViewController.swift; sourceTree = "<group>"; };
		2872C0F62BF78D59000ED6A8 /* ModelManager.swift */ = {isa = PBXFileReference; lastKnownFileType = sourcecode.swift; path = ModelManager.swift; sourceTree = "<group>"; };
		288295142BC41F7300392B29 /* Clipchop.app */ = {isa = PBXFileReference; explicitFileType = wrapper.application; includeInIndex = 0; path = Clipchop.app; sourceTree = BUILT_PRODUCTS_DIR; };
		288295172BC41F7300392B29 /* ClipchopApp.swift */ = {isa = PBXFileReference; lastKnownFileType = sourcecode.swift; path = ClipchopApp.swift; sourceTree = "<group>"; };
		2882951B2BC41F7400392B29 /* Assets.xcassets */ = {isa = PBXFileReference; lastKnownFileType = folder.assetcatalog; path = Assets.xcassets; sourceTree = "<group>"; };
		2882951D2BC41F7400392B29 /* Clipchop.entitlements */ = {isa = PBXFileReference; lastKnownFileType = text.plist.entitlements; path = Clipchop.entitlements; sourceTree = "<group>"; };
		2882951F2BC41F7400392B29 /* Preview Assets.xcassets */ = {isa = PBXFileReference; lastKnownFileType = folder.assetcatalog; path = "Preview Assets.xcassets"; sourceTree = "<group>"; };
		2884E5D62BF86F2500201A79 /* TestSettingsPage.swift */ = {isa = PBXFileReference; lastKnownFileType = sourcecode.swift; path = TestSettingsPage.swift; sourceTree = "<group>"; };
		289B498B2BF9B50C008643FA /* CardPreviewView.swift */ = {isa = PBXFileReference; lastKnownFileType = sourcecode.swift; path = CardPreviewView.swift; sourceTree = "<group>"; };
		28A699AA2BF618AA000B0272 /* ClipHistoryView.swift */ = {isa = PBXFileReference; lastKnownFileType = sourcecode.swift; path = ClipHistoryView.swift; sourceTree = "<group>"; };
		28A699AC2BF6192A000B0272 /* ClipboardMonitor.swift */ = {isa = PBXFileReference; lastKnownFileType = sourcecode.swift; path = ClipboardMonitor.swift; sourceTree = "<group>"; };
		28A699B02BF61F92000B0272 /* Formatter.swift */ = {isa = PBXFileReference; lastKnownFileType = sourcecode.swift; path = Formatter.swift; sourceTree = "<group>"; };
		28C2C58F2BF0CA3E00E9D9AA /* AppIcon.swift */ = {isa = PBXFileReference; lastKnownFileType = sourcecode.swift; path = AppIcon.swift; sourceTree = "<group>"; };
		28C2C5912BF0CCB400E9D9AA /* Defaults+Structures.swift */ = {isa = PBXFileReference; lastKnownFileType = sourcecode.swift; path = "Defaults+Structures.swift"; sourceTree = "<group>"; };
		28C2C5952BF0D0BF00E9D9AA /* Sound.swift */ = {isa = PBXFileReference; lastKnownFileType = sourcecode.swift; path = Sound.swift; sourceTree = "<group>"; };
		28C2C5992BF0D1AE00E9D9AA /* marimba-bloop.mp3 */ = {isa = PBXFileReference; lastKnownFileType = audio.mp3; path = "marimba-bloop.mp3"; sourceTree = "<group>"; };
		28C2C59A2BF0D1AE00E9D9AA /* tap-notification.mp3 */ = {isa = PBXFileReference; lastKnownFileType = audio.mp3; path = "tap-notification.mp3"; sourceTree = "<group>"; };
		28C2C59B2BF0D1AE00E9D9AA /* happy-pop.mp3 */ = {isa = PBXFileReference; lastKnownFileType = audio.mp3; path = "happy-pop.mp3"; sourceTree = "<group>"; };
		28C2C59F2BF0D31C00E9D9AA /* SoundPlayer.swift */ = {isa = PBXFileReference; lastKnownFileType = sourcecode.swift; path = SoundPlayer.swift; sourceTree = "<group>"; };
		28C2C5A12BF0D85D00E9D9AA /* InstalledApp.swift */ = {isa = PBXFileReference; lastKnownFileType = sourcecode.swift; path = InstalledApp.swift; sourceTree = "<group>"; };
		28C2C5A32BF0DA1E00E9D9AA /* CustomizationSettingsPage.swift */ = {isa = PBXFileReference; lastKnownFileType = sourcecode.swift; path = CustomizationSettingsPage.swift; sourceTree = "<group>"; };
		28C2C5A52BF0DA2A00E9D9AA /* ExcludedAppsSettingsPage.swift */ = {isa = PBXFileReference; lastKnownFileType = sourcecode.swift; path = ExcludedAppsSettingsPage.swift; sourceTree = "<group>"; };
		28C2C5AB2BF0DBBF00E9D9AA /* AppearanceSection.swift */ = {isa = PBXFileReference; lastKnownFileType = sourcecode.swift; path = AppearanceSection.swift; sourceTree = "<group>"; };
		28C2C99E2BF8D078007BDC3C /* DefaultsStack.swift */ = {isa = PBXFileReference; lastKnownFileType = sourcecode.swift; path = DefaultsStack.swift; sourceTree = "<group>"; };
		28D8CE602BDCF9B8008B17B5 /* MenuBarView.swift */ = {isa = PBXFileReference; lastKnownFileType = sourcecode.swift; path = MenuBarView.swift; sourceTree = "<group>"; };
		28D8CE632BDD0DEE008B17B5 /* PerimissionsManager.swift */ = {isa = PBXFileReference; lastKnownFileType = sourcecode.swift; path = PerimissionsManager.swift; sourceTree = "<group>"; };
		28D8CE652BDD0FCB008B17B5 /* Localizable.xcstrings */ = {isa = PBXFileReference; lastKnownFileType = text.json.xcstrings; path = Localizable.xcstrings; sourceTree = "<group>"; };
		28D8CE682BDD1260008B17B5 /* PermissionsSection.swift */ = {isa = PBXFileReference; lastKnownFileType = sourcecode.swift; path = PermissionsSection.swift; sourceTree = "<group>"; };
		28D8CE6A2BDD142F008B17B5 /* View+Extension.swift */ = {isa = PBXFileReference; lastKnownFileType = sourcecode.swift; path = "View+Extension.swift"; sourceTree = "<group>"; };
		28D8CE6C2BDD2458008B17B5 /* GlobalBehaviorsSection.swift */ = {isa = PBXFileReference; lastKnownFileType = sourcecode.swift; path = GlobalBehaviorsSection.swift; sourceTree = "<group>"; };
		28D8CE702BDD2746008B17B5 /* SyncingSettingsPage.swift */ = {isa = PBXFileReference; lastKnownFileType = sourcecode.swift; path = SyncingSettingsPage.swift; sourceTree = "<group>"; };
		28D8CE722BDD283B008B17B5 /* ClipboardSettingsPage.swift */ = {isa = PBXFileReference; lastKnownFileType = sourcecode.swift; path = ClipboardSettingsPage.swift; sourceTree = "<group>"; };
		28D8CE742BDD2B42008B17B5 /* AppDelegate.swift */ = {isa = PBXFileReference; lastKnownFileType = sourcecode.swift; path = AppDelegate.swift; sourceTree = "<group>"; };
/* End PBXFileReference section */

/* Begin PBXFrameworksBuildPhase section */
		288295112BC41F7300392B29 /* Frameworks */ = {
			isa = PBXFrameworksBuildPhase;
			buildActionMask = 2147483647;
			files = (
				28C2C58C2BF0C6ED00E9D9AA /* Algorithms in Frameworks */,
				28C2C5832BF0C67900E9D9AA /* FullDiskAccess in Frameworks */,
				28D8CE5C2BDCF7A5008B17B5 /* Sauce in Frameworks */,
				28C2C5892BF0C6C800E9D9AA /* SwiftHEXColors in Frameworks */,
				282692992BDCC9F200D1656E /* Defaults in Frameworks */,
				28D8CE6F2BDD2492008B17B5 /* LaunchAtLogin in Frameworks */,
				28ABFFA62BDC9B6500B02E76 /* SFSafeSymbols in Frameworks */,
				28F7D0E52BF777C300DDFC2C /* WindowManagement in Frameworks */,
				28D8CE592BDCF5B9008B17B5 /* KeyboardShortcuts in Frameworks */,
				28ABFFA92BDCA92500B02E76 /* MenuBarExtraAccess in Frameworks */,
				281C28C82BDC99C600DBEE4B /* SettingsAccess in Frameworks */,
			);
			runOnlyForDeploymentPostprocessing = 0;
		};
/* End PBXFrameworksBuildPhase section */

/* Begin PBXGroup section */
		281C28C92BDC99FD00DBEE4B /* Settings */ = {
			isa = PBXGroup;
			children = (
				28D8CE672BDD124A008B17B5 /* Sections */,
				282692732BDCACB100D1656E /* Pages */,
				281C28CC2BDC9A1A00DBEE4B /* SettingsView.swift */,
				28227F5D2BF23BB7008FAC3A /* AppVersionView.swift */,
				28227F5F2BF23EC2008FAC3A /* CopyrightsView.swift */,
				283E25332BF4EF670094C06F /* AcknowledgementsView.swift */,
				283E25352BF4FE040094C06F /* StaleView.swift */,
			);
			path = Settings;
			sourceTree = "<group>";
		};
		281C28CE2BDC9A8600DBEE4B /* Menu Bar */ = {
			isa = PBXGroup;
			children = (
				281C28CF2BDC9A9000DBEE4B /* MenuBarIconView.swift */,
				28D8CE602BDCF9B8008B17B5 /* MenuBarView.swift */,
			);
			path = "Menu Bar";
			sourceTree = "<group>";
		};
		28227F612BF248CF008FAC3A /* Clipboard */ = {
			isa = PBXGroup;
			children = (
				28227F622BF248E3008FAC3A /* KeyboardShortcutsSection.swift */,
				28227F642BF24BC1008FAC3A /* ClipboardHistorySection.swift */,
			);
			path = Clipboard;
			sourceTree = "<group>";
		};
		282692732BDCACB100D1656E /* Pages */ = {
			isa = PBXGroup;
			children = (
				282692742BDCACBB00D1656E /* GeneralSettingsPage.swift */,
				28C2C5A32BF0DA1E00E9D9AA /* CustomizationSettingsPage.swift */,
				28D8CE722BDD283B008B17B5 /* ClipboardSettingsPage.swift */,
				28C2C5A52BF0DA2A00E9D9AA /* ExcludedAppsSettingsPage.swift */,
				28D8CE702BDD2746008B17B5 /* SyncingSettingsPage.swift */,
				282692762BDCACC600D1656E /* AboutSettingsPage.swift */,
				2884E5D62BF86F2500201A79 /* TestSettingsPage.swift */,
			);
			path = Pages;
			sourceTree = "<group>";
		};
		282692782BDCAE5500D1656E /* Extensions */ = {
			isa = PBXGroup;
			children = (
				282692962BDCC9CF00D1656E /* Defaults+Extensions.swift */,
				28C2C5912BF0CCB400E9D9AA /* Defaults+Structures.swift */,
				28D8CE6A2BDD142F008B17B5 /* View+Extension.swift */,
				282692792BDCAE6000D1656E /* Bundle+Extensions.swift */,
				287197902BDE72BC004BCDA3 /* NSPasteboard.PasteboardType+Extensions.swift */,
				2871979F2BDE75C0004BCDA3 /* KeyboardShortcuts+Extensions.swift */,
				2843DB612BF0F4D3008AA2E1 /* NSImage+Extensions.swift */,
				2872C0F02BF785D9000ED6A8 /* SceneID+Extensions.swift */,
			);
			path = Extensions;
			sourceTree = "<group>";
		};
		283246C02BF76D91009C38D9 /* Assets */ = {
			isa = PBXGroup;
			children = (
				28C2C58F2BF0CA3E00E9D9AA /* AppIcon.swift */,
				28C2C5952BF0D0BF00E9D9AA /* Sound.swift */,
				28C2C5A12BF0D85D00E9D9AA /* InstalledApp.swift */,
			);
			path = Assets;
			sourceTree = "<group>";
		};
		2843DB5E2BF0F058008AA2E1 /* Excluded Apps */ = {
			isa = PBXGroup;
			children = (
				2843DB5F2BF0F06B008AA2E1 /* ExcludedAppListSection.swift */,
				2843DB632BF0F8C4008AA2E1 /* InstalledAppsMenu.swift */,
			);
			path = "Excluded Apps";
			sourceTree = "<group>";
		};
		2871978C2BDE723C004BCDA3 /* Clipboard */ = {
			isa = PBXGroup;
			children = (
				28A699AC2BF6192A000B0272 /* ClipboardMonitor.swift */,
				28A699B02BF61F92000B0272 /* Formatter.swift */,
			);
			path = Clipboard;
			sourceTree = "<group>";
		};
		2882950B2BC41F7300392B29 = {
			isa = PBXGroup;
			children = (
				2866D7512BF88CD300F57DF7 /* ClipboardContent.swift */,
				2866D7522BF88CD300F57DF7 /* ClipboardHistory.swift */,
				288295162BC41F7300392B29 /* Clipchop */,
				288295152BC41F7300392B29 /* Products */,
			);
			sourceTree = "<group>";
		};
		288295152BC41F7300392B29 /* Products */ = {
			isa = PBXGroup;
			children = (
				288295142BC41F7300392B29 /* Clipchop.app */,
			);
			name = Products;
			sourceTree = "<group>";
		};
		288295162BC41F7300392B29 /* Clipchop */ = {
			isa = PBXGroup;
			children = (
				288295172BC41F7300392B29 /* ClipchopApp.swift */,
				2872C0F62BF78D59000ED6A8 /* ModelManager.swift */,
				28D8CE742BDD2B42008B17B5 /* AppDelegate.swift */,
				28C2C5972BF0D16100E9D9AA /* Sounds */,
				28D8CE622BDD0DE1008B17B5 /* Utilities */,
				2871978C2BDE723C004BCDA3 /* Clipboard */,
				281C28CE2BDC9A8600DBEE4B /* Menu Bar */,
				289B498A2BF9B4E3008643FA /* Card Preview */,
				28A699A92BF61897000B0272 /* Clip History */,
				281C28C92BDC99FD00DBEE4B /* Settings */,
				282692782BDCAE5500D1656E /* Extensions */,
				2882951E2BC41F7400392B29 /* Preview Content */,
				2882951B2BC41F7400392B29 /* Assets.xcassets */,
				28D8CE652BDD0FCB008B17B5 /* Localizable.xcstrings */,
				2882951D2BC41F7400392B29 /* Clipchop.entitlements */,
			);
			path = Clipchop;
			sourceTree = "<group>";
		};
		2882951E2BC41F7400392B29 /* Preview Content */ = {
			isa = PBXGroup;
			children = (
				2882951F2BC41F7400392B29 /* Preview Assets.xcassets */,
			);
			path = "Preview Content";
			sourceTree = "<group>";
		};
		289B498A2BF9B4E3008643FA /* Card Preview */ = {
			isa = PBXGroup;
			children = (
				289B498B2BF9B50C008643FA /* CardPreviewView.swift */,
			);
			path = "Card Preview";
			sourceTree = "<group>";
		};
		28A699A92BF61897000B0272 /* Clip History */ = {
			isa = PBXGroup;
			children = (
				2872C0F22BF78963000ED6A8 /* VisualEffectView.swift */,
				28A699AA2BF618AA000B0272 /* ClipHistoryView.swift */,
				2872C0F42BF78BC5000ED6A8 /* ClipHistoryViewController.swift */,
			);
			path = "Clip History";
			sourceTree = "<group>";
		};
		28C2C5972BF0D16100E9D9AA /* Sounds */ = {
			isa = PBXGroup;
			children = (
				28C2C59B2BF0D1AE00E9D9AA /* happy-pop.mp3 */,
				28C2C5992BF0D1AE00E9D9AA /* marimba-bloop.mp3 */,
				28C2C59A2BF0D1AE00E9D9AA /* tap-notification.mp3 */,
				28C2C59F2BF0D31C00E9D9AA /* SoundPlayer.swift */,
			);
			path = Sounds;
			sourceTree = "<group>";
		};
		28C2C5A72BF0DB8300E9D9AA /* General */ = {
			isa = PBXGroup;
			children = (
				28D8CE682BDD1260008B17B5 /* PermissionsSection.swift */,
				28D8CE6C2BDD2458008B17B5 /* GlobalBehaviorsSection.swift */,
			);
			path = General;
			sourceTree = "<group>";
		};
		28C2C5A82BF0DB8C00E9D9AA /* Customization */ = {
			isa = PBXGroup;
			children = (
				28C2C5AB2BF0DBBF00E9D9AA /* AppearanceSection.swift */,
				285FADBC2BF97A69005AE202 /* ColoredPickerRow.swift */,
			);
			path = Customization;
			sourceTree = "<group>";
		};
		28D8CE622BDD0DE1008B17B5 /* Utilities */ = {
			isa = PBXGroup;
			children = (
				283246C02BF76D91009C38D9 /* Assets */,
				28D8CE632BDD0DEE008B17B5 /* PerimissionsManager.swift */,
				2871979B2BDE74A4004BCDA3 /* NotificationManager.swift */,
				2866D7572BF8A25100F57DF7 /* ObservationTrackingStream.swift */,
				28C2C99E2BF8D078007BDC3C /* DefaultsStack.swift */,
			);
			path = Utilities;
			sourceTree = "<group>";
		};
		28D8CE672BDD124A008B17B5 /* Sections */ = {
			isa = PBXGroup;
			children = (
				285FADBE2BF98335005AE202 /* PreferredColorSchemePicker.swift */,
				28C2C5A72BF0DB8300E9D9AA /* General */,
				28C2C5A82BF0DB8C00E9D9AA /* Customization */,
				28227F612BF248CF008FAC3A /* Clipboard */,
				2843DB5E2BF0F058008AA2E1 /* Excluded Apps */,
			);
			path = Sections;
			sourceTree = "<group>";
		};
/* End PBXGroup section */

/* Begin PBXNativeTarget section */
		288295132BC41F7300392B29 /* Clipchop */ = {
			isa = PBXNativeTarget;
			buildConfigurationList = 288295232BC41F7400392B29 /* Build configuration list for PBXNativeTarget "Clipchop" */;
			buildPhases = (
				288295102BC41F7300392B29 /* Sources */,
				288295112BC41F7300392B29 /* Frameworks */,
				288295122BC41F7300392B29 /* Resources */,
			);
			buildRules = (
			);
			dependencies = (
			);
			name = Clipchop;
			packageProductDependencies = (
				281C28C72BDC99C600DBEE4B /* SettingsAccess */,
				28ABFFA52BDC9B6500B02E76 /* SFSafeSymbols */,
				28ABFFA82BDCA92500B02E76 /* MenuBarExtraAccess */,
				282692982BDCC9F200D1656E /* Defaults */,
				28D8CE582BDCF5B9008B17B5 /* KeyboardShortcuts */,
				28D8CE5B2BDCF7A5008B17B5 /* Sauce */,
				28D8CE6E2BDD2492008B17B5 /* LaunchAtLogin */,
				28C2C5822BF0C67900E9D9AA /* FullDiskAccess */,
				28C2C5882BF0C6C800E9D9AA /* SwiftHEXColors */,
				28C2C58B2BF0C6ED00E9D9AA /* Algorithms */,
				28F7D0E42BF777C300DDFC2C /* WindowManagement */,
			);
			productName = Clipchop;
			productReference = 288295142BC41F7300392B29 /* Clipchop.app */;
			productType = "com.apple.product-type.application";
		};
/* End PBXNativeTarget section */

/* Begin PBXProject section */
		2882950C2BC41F7300392B29 /* Project object */ = {
			isa = PBXProject;
			attributes = {
				BuildIndependentTargetsInParallel = 1;
				LastSwiftUpdateCheck = 1530;
				LastUpgradeCheck = 1540;
				TargetAttributes = {
					288295132BC41F7300392B29 = {
						CreatedOnToolsVersion = 15.3;
					};
				};
			};
			buildConfigurationList = 2882950F2BC41F7300392B29 /* Build configuration list for PBXProject "Clipchop" */;
			compatibilityVersion = "Xcode 14.0";
			developmentRegion = en;
			hasScannedForEncodings = 0;
			knownRegions = (
				en,
				Base,
				"zh-Hans",
			);
			mainGroup = 2882950B2BC41F7300392B29;
			packageReferences = (
				288295442BC4210900392B29 /* XCRemoteSwiftPackageReference "Defaults" */,
				288295452BC4212200392B29 /* XCRemoteSwiftPackageReference "LaunchAtLogin" */,
				288295462BC4213700392B29 /* XCRemoteSwiftPackageReference "SFSafeSymbols" */,
				281C28C62BDC99C600DBEE4B /* XCRemoteSwiftPackageReference "SettingsAccess" */,
				28ABFFA72BDCA92500B02E76 /* XCRemoteSwiftPackageReference "MenuBarExtraAccess" */,
				28D8CE572BDCF5B9008B17B5 /* XCRemoteSwiftPackageReference "KeyboardShortcuts" */,
				28D8CE5A2BDCF7A5008B17B5 /* XCRemoteSwiftPackageReference "Sauce" */,
				28C2C5812BF0C67900E9D9AA /* XCRemoteSwiftPackageReference "FullDiskAccess" */,
				28C2C5872BF0C6C800E9D9AA /* XCRemoteSwiftPackageReference "SwiftHEXColors" */,
				28C2C58A2BF0C6ED00E9D9AA /* XCRemoteSwiftPackageReference "swift-algorithms" */,
				28F7D0E32BF777C300DDFC2C /* XCRemoteSwiftPackageReference "SwiftUI-WindowManagement" */,
			);
			productRefGroup = 288295152BC41F7300392B29 /* Products */;
			projectDirPath = "";
			projectRoot = "";
			targets = (
				288295132BC41F7300392B29 /* Clipchop */,
			);
		};
/* End PBXProject section */

/* Begin PBXResourcesBuildPhase section */
		288295122BC41F7300392B29 /* Resources */ = {
			isa = PBXResourcesBuildPhase;
			buildActionMask = 2147483647;
			files = (
				288295202BC41F7400392B29 /* Preview Assets.xcassets in Resources */,
				28C2C59C2BF0D1AE00E9D9AA /* marimba-bloop.mp3 in Resources */,
				28C2C59D2BF0D1AE00E9D9AA /* tap-notification.mp3 in Resources */,
				2882951C2BC41F7400392B29 /* Assets.xcassets in Resources */,
				28D8CE662BDD0FCB008B17B5 /* Localizable.xcstrings in Resources */,
				28C2C59E2BF0D1AE00E9D9AA /* happy-pop.mp3 in Resources */,
			);
			runOnlyForDeploymentPostprocessing = 0;
		};
/* End PBXResourcesBuildPhase section */

/* Begin PBXSourcesBuildPhase section */
		288295102BC41F7300392B29 /* Sources */ = {
			isa = PBXSourcesBuildPhase;
			buildActionMask = 2147483647;
			files = (
				28D8CE612BDCF9B8008B17B5 /* MenuBarView.swift in Sources */,
				2872C0F72BF78D59000ED6A8 /* ModelManager.swift in Sources */,
				28C2C5A42BF0DA1E00E9D9AA /* CustomizationSettingsPage.swift in Sources */,
				28D8CE712BDD2746008B17B5 /* SyncingSettingsPage.swift in Sources */,
				2872C0F12BF785D9000ED6A8 /* SceneID+Extensions.swift in Sources */,
				2866D7532BF88CD300F57DF7 /* ClipboardContent.swift in Sources */,
				2866D7542BF88CD300F57DF7 /* ClipboardHistory.swift in Sources */,
				2866D7582BF8A25100F57DF7 /* ObservationTrackingStream.swift in Sources */,
				282692752BDCACBB00D1656E /* GeneralSettingsPage.swift in Sources */,
				28C2C5A62BF0DA2A00E9D9AA /* ExcludedAppsSettingsPage.swift in Sources */,
				28227F5E2BF23BB7008FAC3A /* AppVersionView.swift in Sources */,
				287197912BDE72BC004BCDA3 /* NSPasteboard.PasteboardType+Extensions.swift in Sources */,
				28D8CE642BDD0DEE008B17B5 /* PerimissionsManager.swift in Sources */,
				289B498C2BF9B50C008643FA /* CardPreviewView.swift in Sources */,
				28D8CE6D2BDD2458008B17B5 /* GlobalBehaviorsSection.swift in Sources */,
				287197A02BDE75C0004BCDA3 /* KeyboardShortcuts+Extensions.swift in Sources */,
				28C2C5922BF0CCB400E9D9AA /* Defaults+Structures.swift in Sources */,
				2843DB622BF0F4D3008AA2E1 /* NSImage+Extensions.swift in Sources */,
				28C2C5A02BF0D31C00E9D9AA /* SoundPlayer.swift in Sources */,
				283E25342BF4EF670094C06F /* AcknowledgementsView.swift in Sources */,
				28C2C5962BF0D0BF00E9D9AA /* Sound.swift in Sources */,
				282692772BDCACC600D1656E /* AboutSettingsPage.swift in Sources */,
				288295182BC41F7300392B29 /* ClipchopApp.swift in Sources */,
				2884E5D72BF86F2500201A79 /* TestSettingsPage.swift in Sources */,
				285FADBF2BF98335005AE202 /* PreferredColorSchemePicker.swift in Sources */,
				28227F652BF24BC1008FAC3A /* ClipboardHistorySection.swift in Sources */,
				2826927A2BDCAE6000D1656E /* Bundle+Extensions.swift in Sources */,
				28A699B12BF61F92000B0272 /* Formatter.swift in Sources */,
				2843DB602BF0F06B008AA2E1 /* ExcludedAppListSection.swift in Sources */,
				2872C0F32BF78963000ED6A8 /* VisualEffectView.swift in Sources */,
				28D8CE752BDD2B42008B17B5 /* AppDelegate.swift in Sources */,
				28227F632BF248E3008FAC3A /* KeyboardShortcutsSection.swift in Sources */,
				28D8CE732BDD283B008B17B5 /* ClipboardSettingsPage.swift in Sources */,
				285FADBD2BF97A69005AE202 /* ColoredPickerRow.swift in Sources */,
				2872C0F52BF78BC5000ED6A8 /* ClipHistoryViewController.swift in Sources */,
				2843DB642BF0F8C4008AA2E1 /* InstalledAppsMenu.swift in Sources */,
				28A699AD2BF6192A000B0272 /* ClipboardMonitor.swift in Sources */,
				28C2C5A22BF0D85D00E9D9AA /* InstalledApp.swift in Sources */,
				281C28D02BDC9A9000DBEE4B /* MenuBarIconView.swift in Sources */,
				283E25362BF4FE040094C06F /* StaleView.swift in Sources */,
				28227F602BF23EC2008FAC3A /* CopyrightsView.swift in Sources */,
				28A699AB2BF618AA000B0272 /* ClipHistoryView.swift in Sources */,
				28D8CE692BDD1260008B17B5 /* PermissionsSection.swift in Sources */,
				282692972BDCC9CF00D1656E /* Defaults+Extensions.swift in Sources */,
				28C2C5AC2BF0DBBF00E9D9AA /* AppearanceSection.swift in Sources */,
				28D8CE6B2BDD142F008B17B5 /* View+Extension.swift in Sources */,
				28C2C99F2BF8D078007BDC3C /* DefaultsStack.swift in Sources */,
				281C28CD2BDC9A1A00DBEE4B /* SettingsView.swift in Sources */,
				2871979C2BDE74A4004BCDA3 /* NotificationManager.swift in Sources */,
				28C2C5902BF0CA3E00E9D9AA /* AppIcon.swift in Sources */,
			);
			runOnlyForDeploymentPostprocessing = 0;
		};
/* End PBXSourcesBuildPhase section */

/* Begin XCBuildConfiguration section */
		288295212BC41F7400392B29 /* Debug */ = {
			isa = XCBuildConfiguration;
			buildSettings = {
				ALWAYS_SEARCH_USER_PATHS = NO;
				ASSETCATALOG_COMPILER_APPICON_NAME = "";
				ASSETCATALOG_COMPILER_GENERATE_SWIFT_ASSET_SYMBOL_EXTENSIONS = YES;
				ASSETCATALOG_COMPILER_INCLUDE_ALL_APPICON_ASSETS = YES;
				CLANG_ANALYZER_LOCALIZABILITY_NONLOCALIZED = YES;
				CLANG_ANALYZER_NONNULL = YES;
				CLANG_ANALYZER_NUMBER_OBJECT_CONVERSION = YES_AGGRESSIVE;
				CLANG_CXX_LANGUAGE_STANDARD = "gnu++20";
				CLANG_ENABLE_MODULES = YES;
				CLANG_ENABLE_OBJC_ARC = YES;
				CLANG_ENABLE_OBJC_WEAK = YES;
				CLANG_WARN_BLOCK_CAPTURE_AUTORELEASING = YES;
				CLANG_WARN_BOOL_CONVERSION = YES;
				CLANG_WARN_COMMA = YES;
				CLANG_WARN_CONSTANT_CONVERSION = YES;
				CLANG_WARN_DEPRECATED_OBJC_IMPLEMENTATIONS = YES;
				CLANG_WARN_DIRECT_OBJC_ISA_USAGE = YES_ERROR;
				CLANG_WARN_DOCUMENTATION_COMMENTS = YES;
				CLANG_WARN_EMPTY_BODY = YES;
				CLANG_WARN_ENUM_CONVERSION = YES;
				CLANG_WARN_INFINITE_RECURSION = YES;
				CLANG_WARN_INT_CONVERSION = YES;
				CLANG_WARN_NON_LITERAL_NULL_CONVERSION = YES;
				CLANG_WARN_OBJC_IMPLICIT_RETAIN_SELF = YES;
				CLANG_WARN_OBJC_LITERAL_CONVERSION = YES;
				CLANG_WARN_OBJC_ROOT_CLASS = YES_ERROR;
				CLANG_WARN_QUOTED_INCLUDE_IN_FRAMEWORK_HEADER = YES;
				CLANG_WARN_RANGE_LOOP_ANALYSIS = YES;
				CLANG_WARN_STRICT_PROTOTYPES = YES;
				CLANG_WARN_SUSPICIOUS_MOVE = YES;
				CLANG_WARN_UNGUARDED_AVAILABILITY = YES_AGGRESSIVE;
				CLANG_WARN_UNREACHABLE_CODE = YES;
				CLANG_WARN__DUPLICATE_METHOD_MATCH = YES;
				COPY_PHASE_STRIP = NO;
				DEAD_CODE_STRIPPING = YES;
				DEBUG_INFORMATION_FORMAT = dwarf;
				ENABLE_STRICT_OBJC_MSGSEND = YES;
				ENABLE_TESTABILITY = YES;
				ENABLE_USER_SCRIPT_SANDBOXING = YES;
				GCC_C_LANGUAGE_STANDARD = gnu17;
				GCC_DYNAMIC_NO_PIC = NO;
				GCC_NO_COMMON_BLOCKS = YES;
				GCC_OPTIMIZATION_LEVEL = 0;
				GCC_PREPROCESSOR_DEFINITIONS = (
					"DEBUG=1",
					"$(inherited)",
				);
				GCC_WARN_64_TO_32_BIT_CONVERSION = YES;
				GCC_WARN_ABOUT_RETURN_TYPE = YES_ERROR;
				GCC_WARN_UNDECLARED_SELECTOR = YES;
				GCC_WARN_UNINITIALIZED_AUTOS = YES_AGGRESSIVE;
				GCC_WARN_UNUSED_FUNCTION = YES;
				GCC_WARN_UNUSED_VARIABLE = YES;
				INFOPLIST_KEY_LSUIElement = YES;
				LOCALIZATION_PREFERS_STRING_CATALOGS = YES;
				MTL_ENABLE_DEBUG_INFO = INCLUDE_SOURCE;
				MTL_FAST_MATH = YES;
				ONLY_ACTIVE_ARCH = YES;
				SWIFT_ACTIVE_COMPILATION_CONDITIONS = "DEBUG $(inherited)";
				SWIFT_OPTIMIZATION_LEVEL = "-Onone";
			};
			name = Debug;
		};
		288295222BC41F7400392B29 /* Release */ = {
			isa = XCBuildConfiguration;
			buildSettings = {
				ALWAYS_SEARCH_USER_PATHS = NO;
				ASSETCATALOG_COMPILER_APPICON_NAME = "";
				ASSETCATALOG_COMPILER_GENERATE_SWIFT_ASSET_SYMBOL_EXTENSIONS = YES;
				ASSETCATALOG_COMPILER_INCLUDE_ALL_APPICON_ASSETS = YES;
				CLANG_ANALYZER_LOCALIZABILITY_NONLOCALIZED = YES;
				CLANG_ANALYZER_NONNULL = YES;
				CLANG_ANALYZER_NUMBER_OBJECT_CONVERSION = YES_AGGRESSIVE;
				CLANG_CXX_LANGUAGE_STANDARD = "gnu++20";
				CLANG_ENABLE_MODULES = YES;
				CLANG_ENABLE_OBJC_ARC = YES;
				CLANG_ENABLE_OBJC_WEAK = YES;
				CLANG_WARN_BLOCK_CAPTURE_AUTORELEASING = YES;
				CLANG_WARN_BOOL_CONVERSION = YES;
				CLANG_WARN_COMMA = YES;
				CLANG_WARN_CONSTANT_CONVERSION = YES;
				CLANG_WARN_DEPRECATED_OBJC_IMPLEMENTATIONS = YES;
				CLANG_WARN_DIRECT_OBJC_ISA_USAGE = YES_ERROR;
				CLANG_WARN_DOCUMENTATION_COMMENTS = YES;
				CLANG_WARN_EMPTY_BODY = YES;
				CLANG_WARN_ENUM_CONVERSION = YES;
				CLANG_WARN_INFINITE_RECURSION = YES;
				CLANG_WARN_INT_CONVERSION = YES;
				CLANG_WARN_NON_LITERAL_NULL_CONVERSION = YES;
				CLANG_WARN_OBJC_IMPLICIT_RETAIN_SELF = YES;
				CLANG_WARN_OBJC_LITERAL_CONVERSION = YES;
				CLANG_WARN_OBJC_ROOT_CLASS = YES_ERROR;
				CLANG_WARN_QUOTED_INCLUDE_IN_FRAMEWORK_HEADER = YES;
				CLANG_WARN_RANGE_LOOP_ANALYSIS = YES;
				CLANG_WARN_STRICT_PROTOTYPES = YES;
				CLANG_WARN_SUSPICIOUS_MOVE = YES;
				CLANG_WARN_UNGUARDED_AVAILABILITY = YES_AGGRESSIVE;
				CLANG_WARN_UNREACHABLE_CODE = YES;
				CLANG_WARN__DUPLICATE_METHOD_MATCH = YES;
				COPY_PHASE_STRIP = NO;
				DEAD_CODE_STRIPPING = YES;
				DEBUG_INFORMATION_FORMAT = "dwarf-with-dsym";
				ENABLE_NS_ASSERTIONS = NO;
				ENABLE_STRICT_OBJC_MSGSEND = YES;
				ENABLE_USER_SCRIPT_SANDBOXING = YES;
				GCC_C_LANGUAGE_STANDARD = gnu17;
				GCC_NO_COMMON_BLOCKS = YES;
				GCC_WARN_64_TO_32_BIT_CONVERSION = YES;
				GCC_WARN_ABOUT_RETURN_TYPE = YES_ERROR;
				GCC_WARN_UNDECLARED_SELECTOR = YES;
				GCC_WARN_UNINITIALIZED_AUTOS = YES_AGGRESSIVE;
				GCC_WARN_UNUSED_FUNCTION = YES;
				GCC_WARN_UNUSED_VARIABLE = YES;
				INFOPLIST_KEY_LSUIElement = YES;
				LOCALIZATION_PREFERS_STRING_CATALOGS = YES;
				MTL_ENABLE_DEBUG_INFO = NO;
				MTL_FAST_MATH = YES;
				SWIFT_COMPILATION_MODE = wholemodule;
			};
			name = Release;
		};
		288295242BC41F7400392B29 /* Debug */ = {
			isa = XCBuildConfiguration;
			buildSettings = {
				ASSETCATALOG_COMPILER_ALTERNATE_APPICON_NAMES = "AppIcon-Stable AppIcon-Beta";
				ASSETCATALOG_COMPILER_APPICON_NAME = "AppIcon-Stable";
				ASSETCATALOG_COMPILER_GLOBAL_ACCENT_COLOR_NAME = AccentColor;
				ASSETCATALOG_COMPILER_INCLUDE_ALL_APPICON_ASSETS = YES;
				CODE_SIGN_ENTITLEMENTS = Clipchop/Clipchop.entitlements;
				CODE_SIGN_STYLE = Automatic;
				CURRENT_PROJECT_VERSION = 1;
				DEAD_CODE_STRIPPING = YES;
				DEVELOPMENT_ASSET_PATHS = "\"Clipchop/Preview Content\"";
				DEVELOPMENT_TEAM = 7XRF3J9RS4;
				ENABLE_HARDENED_RUNTIME = YES;
				ENABLE_PREVIEWS = YES;
				GENERATE_INFOPLIST_FILE = YES;
				INFOPLIST_KEY_CFBundleDisplayName = Clipchop;
				INFOPLIST_KEY_LSApplicationCategoryType = "public.app-category.productivity";
				"INFOPLIST_KEY_UIApplicationSceneManifest_Generation[sdk=iphoneos*]" = YES;
				"INFOPLIST_KEY_UIApplicationSceneManifest_Generation[sdk=iphonesimulator*]" = YES;
				"INFOPLIST_KEY_UIApplicationSupportsIndirectInputEvents[sdk=iphoneos*]" = YES;
				"INFOPLIST_KEY_UIApplicationSupportsIndirectInputEvents[sdk=iphonesimulator*]" = YES;
				"INFOPLIST_KEY_UILaunchScreen_Generation[sdk=iphoneos*]" = YES;
				"INFOPLIST_KEY_UILaunchScreen_Generation[sdk=iphonesimulator*]" = YES;
				"INFOPLIST_KEY_UIStatusBarStyle[sdk=iphoneos*]" = UIStatusBarStyleDefault;
				"INFOPLIST_KEY_UIStatusBarStyle[sdk=iphonesimulator*]" = UIStatusBarStyleDefault;
				INFOPLIST_KEY_UISupportedInterfaceOrientations_iPad = "UIInterfaceOrientationPortrait UIInterfaceOrientationPortraitUpsideDown UIInterfaceOrientationLandscapeLeft UIInterfaceOrientationLandscapeRight";
				INFOPLIST_KEY_UISupportedInterfaceOrientations_iPhone = "UIInterfaceOrientationPortrait UIInterfaceOrientationLandscapeLeft UIInterfaceOrientationLandscapeRight";
				IPHONEOS_DEPLOYMENT_TARGET = 17.4;
				LD_RUNPATH_SEARCH_PATHS = "@executable_path/Frameworks";
				"LD_RUNPATH_SEARCH_PATHS[sdk=macosx*]" = "@executable_path/../Frameworks";
				MACOSX_DEPLOYMENT_TARGET = 14.0;
				MARKETING_VERSION = 1.0;
				PRODUCT_BUNDLE_IDENTIFIER = studio.nnn.Clipchop;
				PRODUCT_NAME = "$(TARGET_NAME)";
				SDKROOT = auto;
				SUPPORTED_PLATFORMS = macosx;
				SUPPORTS_MACCATALYST = NO;
				SWIFT_EMIT_LOC_STRINGS = YES;
				SWIFT_VERSION = 5.0;
			};
			name = Debug;
		};
		288295252BC41F7400392B29 /* Release */ = {
			isa = XCBuildConfiguration;
			buildSettings = {
				ASSETCATALOG_COMPILER_ALTERNATE_APPICON_NAMES = "AppIcon-Stable AppIcon-Beta";
				ASSETCATALOG_COMPILER_APPICON_NAME = "AppIcon-Stable";
				ASSETCATALOG_COMPILER_GLOBAL_ACCENT_COLOR_NAME = AccentColor;
				ASSETCATALOG_COMPILER_INCLUDE_ALL_APPICON_ASSETS = YES;
				CODE_SIGN_ENTITLEMENTS = Clipchop/Clipchop.entitlements;
				CODE_SIGN_STYLE = Automatic;
				CURRENT_PROJECT_VERSION = 1;
				DEAD_CODE_STRIPPING = YES;
				DEVELOPMENT_ASSET_PATHS = "\"Clipchop/Preview Content\"";
				DEVELOPMENT_TEAM = 7XRF3J9RS4;
				ENABLE_HARDENED_RUNTIME = YES;
				ENABLE_PREVIEWS = YES;
				GENERATE_INFOPLIST_FILE = YES;
				INFOPLIST_KEY_CFBundleDisplayName = Clipchop;
				INFOPLIST_KEY_LSApplicationCategoryType = "public.app-category.productivity";
				"INFOPLIST_KEY_UIApplicationSceneManifest_Generation[sdk=iphoneos*]" = YES;
				"INFOPLIST_KEY_UIApplicationSceneManifest_Generation[sdk=iphonesimulator*]" = YES;
				"INFOPLIST_KEY_UIApplicationSupportsIndirectInputEvents[sdk=iphoneos*]" = YES;
				"INFOPLIST_KEY_UIApplicationSupportsIndirectInputEvents[sdk=iphonesimulator*]" = YES;
				"INFOPLIST_KEY_UILaunchScreen_Generation[sdk=iphoneos*]" = YES;
				"INFOPLIST_KEY_UILaunchScreen_Generation[sdk=iphonesimulator*]" = YES;
				"INFOPLIST_KEY_UIStatusBarStyle[sdk=iphoneos*]" = UIStatusBarStyleDefault;
				"INFOPLIST_KEY_UIStatusBarStyle[sdk=iphonesimulator*]" = UIStatusBarStyleDefault;
				INFOPLIST_KEY_UISupportedInterfaceOrientations_iPad = "UIInterfaceOrientationPortrait UIInterfaceOrientationPortraitUpsideDown UIInterfaceOrientationLandscapeLeft UIInterfaceOrientationLandscapeRight";
				INFOPLIST_KEY_UISupportedInterfaceOrientations_iPhone = "UIInterfaceOrientationPortrait UIInterfaceOrientationLandscapeLeft UIInterfaceOrientationLandscapeRight";
				IPHONEOS_DEPLOYMENT_TARGET = 17.4;
				LD_RUNPATH_SEARCH_PATHS = "@executable_path/Frameworks";
				"LD_RUNPATH_SEARCH_PATHS[sdk=macosx*]" = "@executable_path/../Frameworks";
				MACOSX_DEPLOYMENT_TARGET = 14.0;
				MARKETING_VERSION = 1.0;
				PRODUCT_BUNDLE_IDENTIFIER = studio.nnn.Clipchop;
				PRODUCT_NAME = "$(TARGET_NAME)";
				SDKROOT = auto;
				SUPPORTED_PLATFORMS = macosx;
				SUPPORTS_MACCATALYST = NO;
				SWIFT_EMIT_LOC_STRINGS = YES;
				SWIFT_VERSION = 5.0;
			};
			name = Release;
		};
/* End XCBuildConfiguration section */

/* Begin XCConfigurationList section */
		2882950F2BC41F7300392B29 /* Build configuration list for PBXProject "Clipchop" */ = {
			isa = XCConfigurationList;
			buildConfigurations = (
				288295212BC41F7400392B29 /* Debug */,
				288295222BC41F7400392B29 /* Release */,
			);
			defaultConfigurationIsVisible = 0;
			defaultConfigurationName = Release;
		};
		288295232BC41F7400392B29 /* Build configuration list for PBXNativeTarget "Clipchop" */ = {
			isa = XCConfigurationList;
			buildConfigurations = (
				288295242BC41F7400392B29 /* Debug */,
				288295252BC41F7400392B29 /* Release */,
			);
			defaultConfigurationIsVisible = 0;
			defaultConfigurationName = Release;
		};
/* End XCConfigurationList section */

/* Begin XCRemoteSwiftPackageReference section */
		281C28C62BDC99C600DBEE4B /* XCRemoteSwiftPackageReference "SettingsAccess" */ = {
			isa = XCRemoteSwiftPackageReference;
			repositoryURL = "https://github.com/orchetect/SettingsAccess";
			requirement = {
				kind = upToNextMajorVersion;
				minimumVersion = 1.4.0;
			};
		};
		288295442BC4210900392B29 /* XCRemoteSwiftPackageReference "Defaults" */ = {
			isa = XCRemoteSwiftPackageReference;
			repositoryURL = "https://github.com/sindresorhus/Defaults";
			requirement = {
				branch = main;
				kind = branch;
			};
		};
		288295452BC4212200392B29 /* XCRemoteSwiftPackageReference "LaunchAtLogin" */ = {
			isa = XCRemoteSwiftPackageReference;
			repositoryURL = "https://github.com/sindresorhus/LaunchAtLogin";
			requirement = {
				branch = main;
				kind = branch;
			};
		};
		288295462BC4213700392B29 /* XCRemoteSwiftPackageReference "SFSafeSymbols" */ = {
			isa = XCRemoteSwiftPackageReference;
			repositoryURL = "https://github.com/SFSafeSymbols/SFSafeSymbols";
			requirement = {
				kind = upToNextMajorVersion;
				minimumVersion = 5.2.0;
			};
		};
		28ABFFA72BDCA92500B02E76 /* XCRemoteSwiftPackageReference "MenuBarExtraAccess" */ = {
			isa = XCRemoteSwiftPackageReference;
			repositoryURL = "https://github.com/orchetect/MenuBarExtraAccess";
			requirement = {
				kind = upToNextMajorVersion;
				minimumVersion = 1.0.5;
			};
		};
		28C2C5812BF0C67900E9D9AA /* XCRemoteSwiftPackageReference "FullDiskAccess" */ = {
			isa = XCRemoteSwiftPackageReference;
			repositoryURL = "https://github.com/inket/FullDiskAccess";
			requirement = {
				kind = upToNextMajorVersion;
				minimumVersion = 1.0.0;
			};
		};
		28C2C5872BF0C6C800E9D9AA /* XCRemoteSwiftPackageReference "SwiftHEXColors" */ = {
			isa = XCRemoteSwiftPackageReference;
			repositoryURL = "https://github.com/thii/SwiftHEXColors";
			requirement = {
				kind = upToNextMajorVersion;
				minimumVersion = 1.4.1;
			};
		};
		28C2C58A2BF0C6ED00E9D9AA /* XCRemoteSwiftPackageReference "swift-algorithms" */ = {
			isa = XCRemoteSwiftPackageReference;
			repositoryURL = "https://github.com/apple/swift-algorithms.git";
			requirement = {
				kind = upToNextMajorVersion;
				minimumVersion = 1.2.0;
			};
		};
		28D8CE572BDCF5B9008B17B5 /* XCRemoteSwiftPackageReference "KeyboardShortcuts" */ = {
			isa = XCRemoteSwiftPackageReference;
			repositoryURL = "https://github.com/sindresorhus/KeyboardShortcuts";
			requirement = {
				branch = main;
				kind = branch;
			};
		};
		28D8CE5A2BDCF7A5008B17B5 /* XCRemoteSwiftPackageReference "Sauce" */ = {
			isa = XCRemoteSwiftPackageReference;
			repositoryURL = "https://github.com/Clipy/Sauce";
			requirement = {
				branch = master;
				kind = branch;
			};
		};
		28F7D0E32BF777C300DDFC2C /* XCRemoteSwiftPackageReference "SwiftUI-WindowManagement" */ = {
			isa = XCRemoteSwiftPackageReference;
			repositoryURL = "https://github.com/Wouter01/SwiftUI-WindowManagement";
			requirement = {
				branch = main;
				kind = branch;
			};
		};
/* End XCRemoteSwiftPackageReference section */

/* Begin XCSwiftPackageProductDependency section */
		281C28C72BDC99C600DBEE4B /* SettingsAccess */ = {
			isa = XCSwiftPackageProductDependency;
			package = 281C28C62BDC99C600DBEE4B /* XCRemoteSwiftPackageReference "SettingsAccess" */;
			productName = SettingsAccess;
		};
		282692982BDCC9F200D1656E /* Defaults */ = {
			isa = XCSwiftPackageProductDependency;
			package = 288295442BC4210900392B29 /* XCRemoteSwiftPackageReference "Defaults" */;
			productName = Defaults;
		};
		28ABFFA52BDC9B6500B02E76 /* SFSafeSymbols */ = {
			isa = XCSwiftPackageProductDependency;
			package = 288295462BC4213700392B29 /* XCRemoteSwiftPackageReference "SFSafeSymbols" */;
			productName = SFSafeSymbols;
		};
		28ABFFA82BDCA92500B02E76 /* MenuBarExtraAccess */ = {
			isa = XCSwiftPackageProductDependency;
			package = 28ABFFA72BDCA92500B02E76 /* XCRemoteSwiftPackageReference "MenuBarExtraAccess" */;
			productName = MenuBarExtraAccess;
		};
		28C2C5822BF0C67900E9D9AA /* FullDiskAccess */ = {
			isa = XCSwiftPackageProductDependency;
			package = 28C2C5812BF0C67900E9D9AA /* XCRemoteSwiftPackageReference "FullDiskAccess" */;
			productName = FullDiskAccess;
		};
		28C2C5882BF0C6C800E9D9AA /* SwiftHEXColors */ = {
			isa = XCSwiftPackageProductDependency;
			package = 28C2C5872BF0C6C800E9D9AA /* XCRemoteSwiftPackageReference "SwiftHEXColors" */;
			productName = SwiftHEXColors;
		};
		28C2C58B2BF0C6ED00E9D9AA /* Algorithms */ = {
			isa = XCSwiftPackageProductDependency;
			package = 28C2C58A2BF0C6ED00E9D9AA /* XCRemoteSwiftPackageReference "swift-algorithms" */;
			productName = Algorithms;
		};
		28D8CE582BDCF5B9008B17B5 /* KeyboardShortcuts */ = {
			isa = XCSwiftPackageProductDependency;
			package = 28D8CE572BDCF5B9008B17B5 /* XCRemoteSwiftPackageReference "KeyboardShortcuts" */;
			productName = KeyboardShortcuts;
		};
		28D8CE5B2BDCF7A5008B17B5 /* Sauce */ = {
			isa = XCSwiftPackageProductDependency;
			package = 28D8CE5A2BDCF7A5008B17B5 /* XCRemoteSwiftPackageReference "Sauce" */;
			productName = Sauce;
		};
		28D8CE6E2BDD2492008B17B5 /* LaunchAtLogin */ = {
			isa = XCSwiftPackageProductDependency;
			package = 288295452BC4212200392B29 /* XCRemoteSwiftPackageReference "LaunchAtLogin" */;
			productName = LaunchAtLogin;
		};
		28F7D0E42BF777C300DDFC2C /* WindowManagement */ = {
			isa = XCSwiftPackageProductDependency;
			package = 28F7D0E32BF777C300DDFC2C /* XCRemoteSwiftPackageReference "SwiftUI-WindowManagement" */;
			productName = WindowManagement;
		};
/* End XCSwiftPackageProductDependency section */
	};
	rootObject = 2882950C2BC41F7300392B29 /* Project object */;
}
